
Microsoft Visual Studio Solution File, Format Version 12.00
# Visual Studio Version 17
VisualStudioVersion = 17.5.33530.505
MinimumVisualStudioVersion = 10.0.40219.1
Project("{FAE04EC0-301F-11D3-BF4B-00C04F79EFBC}") = "Emprestimo.Domain", "Emprestimo.Domain\Emprestimo.Domain.csproj", "{00E226A7-6004-4EA6-843E-EB5E164BC595}"
EndProject
Project("{FAE04EC0-301F-11D3-BF4B-00C04F79EFBC}") = "Emprestimo.Infra.Data", "Emprestimo.Infra.Data\Emprestimo.Infra.Data.csproj", "{45AE844E-89AF-44C8-925D-37A7ACE1CA8D}"
EndProject
Project("{FAE04EC0-301F-11D3-BF4B-00C04F79EFBC}") = "Emprestimo.Application", "Emprestimo.Application\Emprestimo.Application.csproj", "{83287950-24F3-4D20-8239-A79CFC7A349F}"
EndProject
Project("{FAE04EC0-301F-11D3-BF4B-00C04F79EFBC}") = "Emprestimo.Infra.Ioc", "Emprestimo.Infra.Ioc\Emprestimo.Infra.Ioc.csproj", "{8F639398-A65C-4F57-8BC6-D868778EAB53}"
EndProject
Project("{FAE04EC0-301F-11D3-BF4B-00C04F79EFBC}") = "Emprestimo.Api", "Emprestimo.Api\Emprestimo.Api.csproj", "{2531590B-6BC9-4AE5-BE15-7D1948ADC42B}"
EndProject
Global
	GlobalSection(SolutionConfigurationPlatforms) = preSolution
		Debug|Any CPU = Debug|Any CPU
		Release|Any CPU = Release|Any CPU
	EndGlobalSection
	GlobalSection(ProjectConfigurationPlatforms) = postSolution
		{00E226A7-6004-4EA6-843E-EB5E164BC595}.Debug|Any CPU.ActiveCfg = Debug|Any CPU
		{00E226A7-6004-4EA6-843E-EB5E164BC595}.Debug|Any CPU.Build.0 = Debug|Any CPU
		{00E226A7-6004-4EA6-843E-EB5E164BC595}.Release|Any CPU.ActiveCfg = Release|Any CPU
		{00E226A7-6004-4EA6-843E-EB5E164BC595}.Release|Any CPU.Build.0 = Release|Any CPU
		{45AE844E-89AF-44C8-925D-37A7ACE1CA8D}.Debug|Any CPU.ActiveCfg = Debug|Any CPU
		{45AE844E-89AF-44C8-925D-37A7ACE1CA8D}.Debug|Any CPU.Build.0 = Debug|Any CPU
		{45AE844E-89AF-44C8-925D-37A7ACE1CA8D}.Release|Any CPU.ActiveCfg = Release|Any CPU
		{45AE844E-89AF-44C8-925D-37A7ACE1CA8D}.Release|Any CPU.Build.0 = Release|Any CPU
		{83287950-24F3-4D20-8239-A79CFC7A349F}.Debug|Any CPU.ActiveCfg = Debug|Any CPU
		{83287950-24F3-4D20-8239-A79CFC7A349F}.Debug|Any CPU.Build.0 = Debug|Any CPU
		{83287950-24F3-4D20-8239-A79CFC7A349F}.Release|Any CPU.ActiveCfg = Release|Any CPU
		{83287950-24F3-4D20-8239-A79CFC7A349F}.Release|Any CPU.Build.0 = Release|Any CPU
		{8F639398-A65C-4F57-8BC6-D868778EAB53}.Debug|Any CPU.ActiveCfg = Debug|Any CPU
		{8F639398-A65C-4F57-8BC6-D868778EAB53}.Debug|Any CPU.Build.0 = Debug|Any CPU
		{8F639398-A65C-4F57-8BC6-D868778EAB53}.Release|Any CPU.ActiveCfg = Release|Any CPU
		{8F639398-A65C-4F57-8BC6-D868778EAB53}.Release|Any CPU.Build.0 = Release|Any CPU
		{2531590B-6BC9-4AE5-BE15-7D1948ADC42B}.Debug|Any CPU.ActiveCfg = Debug|Any CPU
		{2531590B-6BC9-4AE5-BE15-7D1948ADC42B}.Debug|Any CPU.Build.0 = Debug|Any CPU
		{2531590B-6BC9-4AE5-BE15-7D1948ADC42B}.Release|Any CPU.ActiveCfg = Release|Any CPU
		{2531590B-6BC9-4AE5-BE15-7D1948ADC42B}.Release|Any CPU.Build.0 = Release|Any CPU
	EndGlobalSection
	GlobalSection(SolutionProperties) = preSolution
		HideSolutionNode = FALSE
	EndGlobalSection
	GlobalSection(ExtensibilityGlobals) = postSolution
		SolutionGuid = {1071E401-D6AF-42EF-A7E3-8A1742AB6C31}
	EndGlobalSection
EndGlobal
